
Microsoft Visual Studio Solution File, Format Version 12.00
# Visual Studio Version 17
VisualStudioVersion = 17.10.35013.160
MinimumVisualStudioVersion = 10.0.40219.1
Project("{FAE04EC0-301F-11D3-BF4B-00C04F79EFBC}") = "DataService - Proxy pattern", "DataService - Proxy pattern.csproj", "{CC2C825D-C141-409F-9C10-D12C8EA7E023}"
EndProject
Global
	GlobalSection(SolutionConfigurationPlatforms) = preSolution
		Debug|Any CPU = Debug|Any CPU
		Release|Any CPU = Release|Any CPU
	EndGlobalSection
	GlobalSection(ProjectConfigurationPlatforms) = postSolution
		{CC2C825D-C141-409F-9C10-D12C8EA7E023}.Debug|Any CPU.ActiveCfg = Debug|Any CPU
		{CC2C825D-C141-409F-9C10-D12C8EA7E023}.Debug|Any CPU.Build.0 = Debug|Any CPU
		{CC2C825D-C141-409F-9C10-D12C8EA7E023}.Release|Any CPU.ActiveCfg = Release|Any CPU
		{CC2C825D-C141-409F-9C10-D12C8EA7E023}.Release|Any CPU.Build.0 = Release|Any CPU
	EndGlobalSection
	GlobalSection(SolutionProperties) = preSolution
		HideSolutionNode = FALSE
	EndGlobalSection
	GlobalSection(ExtensibilityGlobals) = postSolution
		SolutionGuid = {1703E639-3502-4A8A-BDEC-468D7441EED9}
	EndGlobalSection
EndGlobal
